
Microsoft Visual Studio Solution File, Format Version 12.00
# Visual Studio 15
VisualStudioVersion = 15.0.28307.757
MinimumVisualStudioVersion = 10.0.40219.1
Project("{FAE04EC0-301F-11D3-BF4B-00C04F79EFBC}") = "DAL", "CarRental\DAL.csproj", "{C17302EC-BBFC-4DB9-BAB4-C17797B84ADF}"
EndProject
Project("{FAE04EC0-301F-11D3-BF4B-00C04F79EFBC}") = "DTO", "DTO\DTO.csproj", "{FB43DE5E-5571-4C04-9817-7FFB84BA8CB6}"
EndProject
Project("{FAE04EC0-301F-11D3-BF4B-00C04F79EFBC}") = "BLL", "BLL\BLL.csproj", "{B7BDBC7B-171C-4F89-A467-8F88F7DDAB2B}"
EndProject
Project("{FAE04EC0-301F-11D3-BF4B-00C04F79EFBC}") = "TaRentaAPI", "TaRentaAPI\TaRentaAPI.csproj", "{97C976EA-D372-442C-A298-6FB9A1A51CC2}"
EndProject
Global
	GlobalSection(SolutionConfigurationPlatforms) = preSolution
		Debug|Any CPU = Debug|Any CPU
		Release|Any CPU = Release|Any CPU
	EndGlobalSection
	GlobalSection(ProjectConfigurationPlatforms) = postSolution
		{C17302EC-BBFC-4DB9-BAB4-C17797B84ADF}.Debug|Any CPU.ActiveCfg = Debug|Any CPU
		{C17302EC-BBFC-4DB9-BAB4-C17797B84ADF}.Debug|Any CPU.Build.0 = Debug|Any CPU
		{C17302EC-BBFC-4DB9-BAB4-C17797B84ADF}.Release|Any CPU.ActiveCfg = Release|Any CPU
		{C17302EC-BBFC-4DB9-BAB4-C17797B84ADF}.Release|Any CPU.Build.0 = Release|Any CPU
		{FB43DE5E-5571-4C04-9817-7FFB84BA8CB6}.Debug|Any CPU.ActiveCfg = Debug|Any CPU
		{FB43DE5E-5571-4C04-9817-7FFB84BA8CB6}.Debug|Any CPU.Build.0 = Debug|Any CPU
		{FB43DE5E-5571-4C04-9817-7FFB84BA8CB6}.Release|Any CPU.ActiveCfg = Release|Any CPU
		{FB43DE5E-5571-4C04-9817-7FFB84BA8CB6}.Release|Any CPU.Build.0 = Release|Any CPU
		{B7BDBC7B-171C-4F89-A467-8F88F7DDAB2B}.Debug|Any CPU.ActiveCfg = Debug|Any CPU
		{B7BDBC7B-171C-4F89-A467-8F88F7DDAB2B}.Debug|Any CPU.Build.0 = Debug|Any CPU
		{B7BDBC7B-171C-4F89-A467-8F88F7DDAB2B}.Release|Any CPU.ActiveCfg = Release|Any CPU
		{B7BDBC7B-171C-4F89-A467-8F88F7DDAB2B}.Release|Any CPU.Build.0 = Release|Any CPU
		{97C976EA-D372-442C-A298-6FB9A1A51CC2}.Debug|Any CPU.ActiveCfg = Debug|Any CPU
		{97C976EA-D372-442C-A298-6FB9A1A51CC2}.Debug|Any CPU.Build.0 = Debug|Any CPU
		{97C976EA-D372-442C-A298-6FB9A1A51CC2}.Release|Any CPU.ActiveCfg = Release|Any CPU
		{97C976EA-D372-442C-A298-6FB9A1A51CC2}.Release|Any CPU.Build.0 = Release|Any CPU
	EndGlobalSection
	GlobalSection(SolutionProperties) = preSolution
		HideSolutionNode = FALSE
	EndGlobalSection
	GlobalSection(ExtensibilityGlobals) = postSolution
		SolutionGuid = {D873C96A-70B5-498C-BC11-C993885DB002}
	EndGlobalSection
EndGlobal
